
Microsoft Visual Studio Solution File, Format Version 12.00
# Visual Studio Version 16
VisualStudioVersion = 16.0.30002.166
MinimumVisualStudioVersion = 10.0.40219.1
Project("{FAE04EC0-301F-11D3-BF4B-00C04F79EFBC}") = "Xadrez-console", "Xadrez-console\Xadrez-console.csproj", "{678278F8-82A5-4354-AC5F-3ABDE8896692}"
EndProject
Global
	GlobalSection(SolutionConfigurationPlatforms) = preSolution
		Debug|Any CPU = Debug|Any CPU
		Release|Any CPU = Release|Any CPU
	EndGlobalSection
	GlobalSection(ProjectConfigurationPlatforms) = postSolution
		{678278F8-82A5-4354-AC5F-3ABDE8896692}.Debug|Any CPU.ActiveCfg = Debug|Any CPU
		{678278F8-82A5-4354-AC5F-3ABDE8896692}.Debug|Any CPU.Build.0 = Debug|Any CPU
		{678278F8-82A5-4354-AC5F-3ABDE8896692}.Release|Any CPU.ActiveCfg = Release|Any CPU
		{678278F8-82A5-4354-AC5F-3ABDE8896692}.Release|Any CPU.Build.0 = Release|Any CPU
	EndGlobalSection
	GlobalSection(SolutionProperties) = preSolution
		HideSolutionNode = FALSE
	EndGlobalSection
	GlobalSection(ExtensibilityGlobals) = postSolution
		SolutionGuid = {68DB0D5B-878C-4C92-A5AD-BC5AC8E98A65}
	EndGlobalSection
EndGlobal
